
Microsoft Visual Studio Solution File, Format Version 12.00
# Visual Studio Version 17
VisualStudioVersion = 17.0.31903.59
MinimumVisualStudioVersion = 10.0.40219.1
Project("{FAE04EC0-301F-11D3-BF4B-00C04F79EFBC}") = "u01_IlkUygulama", "u01_IlkUygulama\u01_IlkUygulama.csproj", "{F56DD256-36A5-43E4-9014-1CC4974DBD59}"
EndProject
Project("{FAE04EC0-301F-11D3-BF4B-00C04F79EFBC}") = "u03_NotHesaplama", "u03_NotHesaplama\u03_NotHesaplama.csproj", "{F94DC20F-3687-4A3B-A691-F56644B2C7D2}"
EndProject
Project("{FAE04EC0-301F-11D3-BF4B-00C04F79EFBC}") = "u04_vki_hesaplama", "u04_vki_hesaplama\u04_vki_hesaplama.csproj", "{E1D433E7-FFF1-4747-BB6B-17ACB7FD2689}"
EndProject
Project("{FAE04EC0-301F-11D3-BF4B-00C04F79EFBC}") = "u05_haftanınGünleri", "u05_haftanınGünleri\u05_haftanınGünleri.csproj", "{71E94089-F594-483B-A4F4-3BBC63BBA30B}"
EndProject
Project("{FAE04EC0-301F-11D3-BF4B-00C04F79EFBC}") = "u06_loops", "u06_loops\u06_loops.csproj", "{88982F9D-E0AF-42AC-AE71-794E4E02C180}"
EndProject
Project("{FAE04EC0-301F-11D3-BF4B-00C04F79EFBC}") = "u07_diziler", "u07_diziler\u07_diziler.csproj", "{F5207748-9F2B-4F17-9C00-CF93D8C0A498}"
EndProject
Global
	GlobalSection(SolutionConfigurationPlatforms) = preSolution
		Debug|Any CPU = Debug|Any CPU
		Release|Any CPU = Release|Any CPU
	EndGlobalSection
	GlobalSection(SolutionProperties) = preSolution
		HideSolutionNode = FALSE
	EndGlobalSection
	GlobalSection(ProjectConfigurationPlatforms) = postSolution
		{F56DD256-36A5-43E4-9014-1CC4974DBD59}.Debug|Any CPU.ActiveCfg = Debug|Any CPU
		{F56DD256-36A5-43E4-9014-1CC4974DBD59}.Debug|Any CPU.Build.0 = Debug|Any CPU
		{F56DD256-36A5-43E4-9014-1CC4974DBD59}.Release|Any CPU.ActiveCfg = Release|Any CPU
		{F56DD256-36A5-43E4-9014-1CC4974DBD59}.Release|Any CPU.Build.0 = Release|Any CPU
		{F94DC20F-3687-4A3B-A691-F56644B2C7D2}.Debug|Any CPU.ActiveCfg = Debug|Any CPU
		{F94DC20F-3687-4A3B-A691-F56644B2C7D2}.Debug|Any CPU.Build.0 = Debug|Any CPU
		{F94DC20F-3687-4A3B-A691-F56644B2C7D2}.Release|Any CPU.ActiveCfg = Release|Any CPU
		{F94DC20F-3687-4A3B-A691-F56644B2C7D2}.Release|Any CPU.Build.0 = Release|Any CPU
		{E1D433E7-FFF1-4747-BB6B-17ACB7FD2689}.Debug|Any CPU.ActiveCfg = Debug|Any CPU
		{E1D433E7-FFF1-4747-BB6B-17ACB7FD2689}.Debug|Any CPU.Build.0 = Debug|Any CPU
		{E1D433E7-FFF1-4747-BB6B-17ACB7FD2689}.Release|Any CPU.ActiveCfg = Release|Any CPU
		{E1D433E7-FFF1-4747-BB6B-17ACB7FD2689}.Release|Any CPU.Build.0 = Release|Any CPU
		{71E94089-F594-483B-A4F4-3BBC63BBA30B}.Debug|Any CPU.ActiveCfg = Debug|Any CPU
		{71E94089-F594-483B-A4F4-3BBC63BBA30B}.Debug|Any CPU.Build.0 = Debug|Any CPU
		{71E94089-F594-483B-A4F4-3BBC63BBA30B}.Release|Any CPU.ActiveCfg = Release|Any CPU
		{71E94089-F594-483B-A4F4-3BBC63BBA30B}.Release|Any CPU.Build.0 = Release|Any CPU
		{88982F9D-E0AF-42AC-AE71-794E4E02C180}.Debug|Any CPU.ActiveCfg = Debug|Any CPU
		{88982F9D-E0AF-42AC-AE71-794E4E02C180}.Debug|Any CPU.Build.0 = Debug|Any CPU
		{88982F9D-E0AF-42AC-AE71-794E4E02C180}.Release|Any CPU.ActiveCfg = Release|Any CPU
		{88982F9D-E0AF-42AC-AE71-794E4E02C180}.Release|Any CPU.Build.0 = Release|Any CPU
		{F5207748-9F2B-4F17-9C00-CF93D8C0A498}.Debug|Any CPU.ActiveCfg = Debug|Any CPU
		{F5207748-9F2B-4F17-9C00-CF93D8C0A498}.Debug|Any CPU.Build.0 = Debug|Any CPU
		{F5207748-9F2B-4F17-9C00-CF93D8C0A498}.Release|Any CPU.ActiveCfg = Release|Any CPU
		{F5207748-9F2B-4F17-9C00-CF93D8C0A498}.Release|Any CPU.Build.0 = Release|Any CPU
	EndGlobalSection
EndGlobal
